# This file is autogenerated, do not edit; changes may be undone by the next 'dep ensure'.


[[projects]]
  name = "github.com/sirupsen/logrus"
  packages = ["."]
  revision = "7f976d3a76720c4c27af2ba716b85d2e0a7e38b1"
  version = "v1.0.1"

[[projects]]
  branch = "master"
  name = "github.com/cloudfoundry-incubator/candiedyaml"
  packages = ["."]
  revision = "cff29b469e0f490ab8c169b6a2c237543f46a1de"

[[projects]]
  name = "github.com/davecgh/go-spew"
  packages = ["spew"]
  revision = "346938d642f2ec3594ed81d874461961cd0faa76"
  version = "v1.1.0"

[[projects]]
  name = "github.com/jessevdk/go-flags"
  packages = ["."]
  revision = "48cf8722c3375517aba351d1f7577c40663a4407"
  version = "v1.2.0"

[[projects]]
  name = "github.com/pmezard/go-difflib"
  packages = ["difflib"]
  revision = "792786c7400a136282c1664665ae0a8db921c6c2"
  version = "v1.0.0"

[[projects]]
  branch = "master"
  name = "github.com/ryanuber/go-license"
  packages = ["."]
  revision = "9c9d2aca2d1a36bd73b496ebd2fd14fea6aca9a2"

[[projects]]
  name = "github.com/stretchr/testify"
  packages = ["assert"]
  revision = "69483b4bd14f5845b5a1e55bca19e954e827f1d0"
  version = "v1.1.4"

[[projects]]
  branch = "master"
  name = "golang.org/x/sys"
  packages = ["unix"]
  revision = "abf9c25f54453410d0c6668e519582a9e1115027"

[solve-meta]
  analyzer-name = "dep"
  analyzer-version = 1
  inputs-digest = "2bc1a421159678a534a028034ab71df99eb186f816d9c51af6e353989d424854"
  solver-name = "gps-cdcl"
  solver-version = 1
